
Microsoft Visual Studio Solution File, Format Version 12.00
# Visual Studio Version 17
VisualStudioVersion = 17.11.35327.3
MinimumVisualStudioVersion = 10.0.40219.1
Project("{FAE04EC0-301F-11D3-BF4B-00C04F79EFBC}") = "consolaPractice", "consolaPractice\consolaPractice.csproj", "{126407D8-AFFA-497B-8D93-B3B2564F9180}"
EndProject
Global
	GlobalSection(SolutionConfigurationPlatforms) = preSolution
		Debug|Any CPU = Debug|Any CPU
		Release|Any CPU = Release|Any CPU
	EndGlobalSection
	GlobalSection(ProjectConfigurationPlatforms) = postSolution
		{126407D8-AFFA-497B-8D93-B3B2564F9180}.Debug|Any CPU.ActiveCfg = Debug|Any CPU
		{126407D8-AFFA-497B-8D93-B3B2564F9180}.Debug|Any CPU.Build.0 = Debug|Any CPU
		{126407D8-AFFA-497B-8D93-B3B2564F9180}.Release|Any CPU.ActiveCfg = Release|Any CPU
		{126407D8-AFFA-497B-8D93-B3B2564F9180}.Release|Any CPU.Build.0 = Release|Any CPU
	EndGlobalSection
	GlobalSection(SolutionProperties) = preSolution
		HideSolutionNode = FALSE
	EndGlobalSection
	GlobalSection(ExtensibilityGlobals) = postSolution
		SolutionGuid = {B6FA5CE8-5EB3-4071-A100-8D0231F1AEA4}
	EndGlobalSection
EndGlobal
